
Microsoft Visual Studio Solution File, Format Version 12.00
# Visual Studio 14
VisualStudioVersion = 14.0.25420.1
MinimumVisualStudioVersion = 10.0.40219.1
Project("{FAE04EC0-301F-11D3-BF4B-00C04F79EFBC}") = "Bigsort.Contracts", "Bigsort.Contracts\Bigsort.Contracts.csproj", "{6EB892BE-E6BA-4B1C-AF89-CA87DA5FCBD8}"
EndProject
Project("{FAE04EC0-301F-11D3-BF4B-00C04F79EFBC}") = "Bigsort.Implementation", "Bigsort.Implementation\Bigsort.Implementation.csproj", "{750F8E81-6683-494E-99BF-40D7A82AEA80}"
EndProject
Project("{FAE04EC0-301F-11D3-BF4B-00C04F79EFBC}") = "Bigsort.Tests", "Bigsort.Tests\Bigsort.Tests.csproj", "{97C7884A-9ED7-48D1-A5E5-0CC6A2D98AB9}"
EndProject
Project("{FAE04EC0-301F-11D3-BF4B-00C04F79EFBC}") = "Bigsort.Tools.SortedFileChecker", "..\..\shared\Bigsort.Tools.SortedFileChecker\Bigsort.Tools.SortedFileChecker.csproj", "{9E8DB469-C8A9-433F-BD30-FAAC344859D7}"
EndProject
Project("{FAE04EC0-301F-11D3-BF4B-00C04F79EFBC}") = "Bigsort.Tools.TestFileGenerator", "..\..\shared\Bigsort.Tools.TestFileGenerator\Bigsort.Tools.TestFileGenerator.csproj", "{6E49F2B9-80F6-473A-BC92-12A9F9CFAB11}"
EndProject
Project("{FAE04EC0-301F-11D3-BF4B-00C04F79EFBC}") = "Bigsort.Console", "Bigsort.Console\Bigsort.Console.csproj", "{A9A87F61-E8E5-405E-B2D1-74161C154384}"
EndProject
Project("{FAE04EC0-301F-11D3-BF4B-00C04F79EFBC}") = "Bigsort.Lib", "Bigsort.Lib\Bigsort.Lib.csproj", "{81CDAF3E-30F7-4C5C-B804-AC56274D52A8}"
EndProject
Global
	GlobalSection(SolutionConfigurationPlatforms) = preSolution
		Debug|Any CPU = Debug|Any CPU
		Debug|x64 = Debug|x64
		Release|Any CPU = Release|Any CPU
		Release|x64 = Release|x64
	EndGlobalSection
	GlobalSection(ProjectConfigurationPlatforms) = postSolution
		{6EB892BE-E6BA-4B1C-AF89-CA87DA5FCBD8}.Debug|Any CPU.ActiveCfg = Debug|Any CPU
		{6EB892BE-E6BA-4B1C-AF89-CA87DA5FCBD8}.Debug|Any CPU.Build.0 = Debug|Any CPU
		{6EB892BE-E6BA-4B1C-AF89-CA87DA5FCBD8}.Debug|x64.ActiveCfg = Debug|x64
		{6EB892BE-E6BA-4B1C-AF89-CA87DA5FCBD8}.Debug|x64.Build.0 = Debug|x64
		{6EB892BE-E6BA-4B1C-AF89-CA87DA5FCBD8}.Release|Any CPU.ActiveCfg = Release|Any CPU
		{6EB892BE-E6BA-4B1C-AF89-CA87DA5FCBD8}.Release|Any CPU.Build.0 = Release|Any CPU
		{6EB892BE-E6BA-4B1C-AF89-CA87DA5FCBD8}.Release|x64.ActiveCfg = Release|x64
		{6EB892BE-E6BA-4B1C-AF89-CA87DA5FCBD8}.Release|x64.Build.0 = Release|x64
		{750F8E81-6683-494E-99BF-40D7A82AEA80}.Debug|Any CPU.ActiveCfg = Debug|Any CPU
		{750F8E81-6683-494E-99BF-40D7A82AEA80}.Debug|Any CPU.Build.0 = Debug|Any CPU
		{750F8E81-6683-494E-99BF-40D7A82AEA80}.Debug|x64.ActiveCfg = Debug|Any CPU
		{750F8E81-6683-494E-99BF-40D7A82AEA80}.Debug|x64.Build.0 = Debug|Any CPU
		{750F8E81-6683-494E-99BF-40D7A82AEA80}.Release|Any CPU.ActiveCfg = Release|Any CPU
		{750F8E81-6683-494E-99BF-40D7A82AEA80}.Release|Any CPU.Build.0 = Release|Any CPU
		{750F8E81-6683-494E-99BF-40D7A82AEA80}.Release|x64.ActiveCfg = Release|x64
		{750F8E81-6683-494E-99BF-40D7A82AEA80}.Release|x64.Build.0 = Release|x64
		{97C7884A-9ED7-48D1-A5E5-0CC6A2D98AB9}.Debug|Any CPU.ActiveCfg = Debug|Any CPU
		{97C7884A-9ED7-48D1-A5E5-0CC6A2D98AB9}.Debug|Any CPU.Build.0 = Debug|Any CPU
		{97C7884A-9ED7-48D1-A5E5-0CC6A2D98AB9}.Debug|x64.ActiveCfg = Debug|Any CPU
		{97C7884A-9ED7-48D1-A5E5-0CC6A2D98AB9}.Debug|x64.Build.0 = Debug|Any CPU
		{97C7884A-9ED7-48D1-A5E5-0CC6A2D98AB9}.Release|Any CPU.ActiveCfg = Release|Any CPU
		{97C7884A-9ED7-48D1-A5E5-0CC6A2D98AB9}.Release|Any CPU.Build.0 = Release|Any CPU
		{97C7884A-9ED7-48D1-A5E5-0CC6A2D98AB9}.Release|x64.ActiveCfg = Release|x64
		{97C7884A-9ED7-48D1-A5E5-0CC6A2D98AB9}.Release|x64.Build.0 = Release|x64
		{9E8DB469-C8A9-433F-BD30-FAAC344859D7}.Debug|Any CPU.ActiveCfg = Debug|Any CPU
		{9E8DB469-C8A9-433F-BD30-FAAC344859D7}.Debug|Any CPU.Build.0 = Debug|Any CPU
		{9E8DB469-C8A9-433F-BD30-FAAC344859D7}.Debug|x64.ActiveCfg = Debug|Any CPU
		{9E8DB469-C8A9-433F-BD30-FAAC344859D7}.Debug|x64.Build.0 = Debug|Any CPU
		{9E8DB469-C8A9-433F-BD30-FAAC344859D7}.Release|Any CPU.ActiveCfg = Release|Any CPU
		{9E8DB469-C8A9-433F-BD30-FAAC344859D7}.Release|Any CPU.Build.0 = Release|Any CPU
		{9E8DB469-C8A9-433F-BD30-FAAC344859D7}.Release|x64.ActiveCfg = Release|x64
		{9E8DB469-C8A9-433F-BD30-FAAC344859D7}.Release|x64.Build.0 = Release|x64
		{6E49F2B9-80F6-473A-BC92-12A9F9CFAB11}.Debug|Any CPU.ActiveCfg = Debug|Any CPU
		{6E49F2B9-80F6-473A-BC92-12A9F9CFAB11}.Debug|Any CPU.Build.0 = Debug|Any CPU
		{6E49F2B9-80F6-473A-BC92-12A9F9CFAB11}.Debug|x64.ActiveCfg = Debug|Any CPU
		{6E49F2B9-80F6-473A-BC92-12A9F9CFAB11}.Debug|x64.Build.0 = Debug|Any CPU
		{6E49F2B9-80F6-473A-BC92-12A9F9CFAB11}.Release|Any CPU.ActiveCfg = Release|Any CPU
		{6E49F2B9-80F6-473A-BC92-12A9F9CFAB11}.Release|Any CPU.Build.0 = Release|Any CPU
		{6E49F2B9-80F6-473A-BC92-12A9F9CFAB11}.Release|x64.ActiveCfg = Release|x64
		{6E49F2B9-80F6-473A-BC92-12A9F9CFAB11}.Release|x64.Build.0 = Release|x64
		{A9A87F61-E8E5-405E-B2D1-74161C154384}.Debug|Any CPU.ActiveCfg = Debug|Any CPU
		{A9A87F61-E8E5-405E-B2D1-74161C154384}.Debug|Any CPU.Build.0 = Debug|Any CPU
		{A9A87F61-E8E5-405E-B2D1-74161C154384}.Debug|x64.ActiveCfg = Debug|Any CPU
		{A9A87F61-E8E5-405E-B2D1-74161C154384}.Debug|x64.Build.0 = Debug|Any CPU
		{A9A87F61-E8E5-405E-B2D1-74161C154384}.Release|Any CPU.ActiveCfg = Release|Any CPU
		{A9A87F61-E8E5-405E-B2D1-74161C154384}.Release|Any CPU.Build.0 = Release|Any CPU
		{A9A87F61-E8E5-405E-B2D1-74161C154384}.Release|x64.ActiveCfg = Release|Any CPU
		{A9A87F61-E8E5-405E-B2D1-74161C154384}.Release|x64.Build.0 = Release|Any CPU
		{81CDAF3E-30F7-4C5C-B804-AC56274D52A8}.Debug|Any CPU.ActiveCfg = Debug|Any CPU
		{81CDAF3E-30F7-4C5C-B804-AC56274D52A8}.Debug|Any CPU.Build.0 = Debug|Any CPU
		{81CDAF3E-30F7-4C5C-B804-AC56274D52A8}.Debug|x64.ActiveCfg = Debug|Any CPU
		{81CDAF3E-30F7-4C5C-B804-AC56274D52A8}.Debug|x64.Build.0 = Debug|Any CPU
		{81CDAF3E-30F7-4C5C-B804-AC56274D52A8}.Release|Any CPU.ActiveCfg = Release|Any CPU
		{81CDAF3E-30F7-4C5C-B804-AC56274D52A8}.Release|Any CPU.Build.0 = Release|Any CPU
		{81CDAF3E-30F7-4C5C-B804-AC56274D52A8}.Release|x64.ActiveCfg = Release|Any CPU
		{81CDAF3E-30F7-4C5C-B804-AC56274D52A8}.Release|x64.Build.0 = Release|Any CPU
	EndGlobalSection
	GlobalSection(SolutionProperties) = preSolution
		HideSolutionNode = FALSE
	EndGlobalSection
EndGlobal
