
Microsoft Visual Studio Solution File, Format Version 12.00
# Visual Studio 14
VisualStudioVersion = 14.0.25420.1
MinimumVisualStudioVersion = 10.0.40219.1
Project("{FAE04EC0-301F-11D3-BF4B-00C04F79EFBC}") = "Bigsort.Contracts", "Bigsort.Contracts\Bigsort.Contracts.csproj", "{6EB892BE-E6BA-4B1C-AF89-CA87DA5FCBD8}"
EndProject
Project("{FAE04EC0-301F-11D3-BF4B-00C04F79EFBC}") = "Bigsort.Implementation", "Bigsort.Implementation\Bigsort.Implementation.csproj", "{750F8E81-6683-494E-99BF-40D7A82AEA80}"
EndProject
Project("{FAE04EC0-301F-11D3-BF4B-00C04F79EFBC}") = "Bigsort.Tools.TestFileGenerator", "Bigsort.Tools.TestFileGenerator\Bigsort.Tools.TestFileGenerator.csproj", "{6E49F2B9-80F6-473A-BC92-12A9F9CFAB11}"
EndProject
Project("{FAE04EC0-301F-11D3-BF4B-00C04F79EFBC}") = "Bigsort.Console", "Bigsort.Console\Bigsort.Console.csproj", "{44711669-197E-4169-906D-BCA6034BEABD}"
EndProject
Project("{FAE04EC0-301F-11D3-BF4B-00C04F79EFBC}") = "Bigsort.Tools.SortedFileChecker", "Bigsort.Tools.SortedFileChecker\Bigsort.Tools.SortedFileChecker.csproj", "{9E8DB469-C8A9-433F-BD30-FAAC344859D7}"
EndProject
Project("{FAE04EC0-301F-11D3-BF4B-00C04F79EFBC}") = "Bigsort", "Bigsort\Bigsort.csproj", "{7C88CB6E-E687-4222-A4E5-3583C10861FF}"
EndProject
Project("{FAE04EC0-301F-11D3-BF4B-00C04F79EFBC}") = "Bigsort.Tests", "Bigsort.Tests\Bigsort.Tests.csproj", "{97C7884A-9ED7-48D1-A5E5-0CC6A2D98AB9}"
EndProject
Global
	GlobalSection(SolutionConfigurationPlatforms) = preSolution
		Debug|Any CPU = Debug|Any CPU
		Release|Any CPU = Release|Any CPU
	EndGlobalSection
	GlobalSection(ProjectConfigurationPlatforms) = postSolution
		{6EB892BE-E6BA-4B1C-AF89-CA87DA5FCBD8}.Debug|Any CPU.ActiveCfg = Debug|Any CPU
		{6EB892BE-E6BA-4B1C-AF89-CA87DA5FCBD8}.Debug|Any CPU.Build.0 = Debug|Any CPU
		{6EB892BE-E6BA-4B1C-AF89-CA87DA5FCBD8}.Release|Any CPU.ActiveCfg = Release|Any CPU
		{6EB892BE-E6BA-4B1C-AF89-CA87DA5FCBD8}.Release|Any CPU.Build.0 = Release|Any CPU
		{750F8E81-6683-494E-99BF-40D7A82AEA80}.Debug|Any CPU.ActiveCfg = Debug|Any CPU
		{750F8E81-6683-494E-99BF-40D7A82AEA80}.Debug|Any CPU.Build.0 = Debug|Any CPU
		{750F8E81-6683-494E-99BF-40D7A82AEA80}.Release|Any CPU.ActiveCfg = Release|Any CPU
		{750F8E81-6683-494E-99BF-40D7A82AEA80}.Release|Any CPU.Build.0 = Release|Any CPU
		{6E49F2B9-80F6-473A-BC92-12A9F9CFAB11}.Debug|Any CPU.ActiveCfg = Debug|Any CPU
		{6E49F2B9-80F6-473A-BC92-12A9F9CFAB11}.Debug|Any CPU.Build.0 = Debug|Any CPU
		{6E49F2B9-80F6-473A-BC92-12A9F9CFAB11}.Release|Any CPU.ActiveCfg = Release|Any CPU
		{6E49F2B9-80F6-473A-BC92-12A9F9CFAB11}.Release|Any CPU.Build.0 = Release|Any CPU
		{44711669-197E-4169-906D-BCA6034BEABD}.Debug|Any CPU.ActiveCfg = Debug|Any CPU
		{44711669-197E-4169-906D-BCA6034BEABD}.Debug|Any CPU.Build.0 = Debug|Any CPU
		{44711669-197E-4169-906D-BCA6034BEABD}.Release|Any CPU.ActiveCfg = Release|Any CPU
		{44711669-197E-4169-906D-BCA6034BEABD}.Release|Any CPU.Build.0 = Release|Any CPU
		{9E8DB469-C8A9-433F-BD30-FAAC344859D7}.Debug|Any CPU.ActiveCfg = Debug|Any CPU
		{9E8DB469-C8A9-433F-BD30-FAAC344859D7}.Debug|Any CPU.Build.0 = Debug|Any CPU
		{9E8DB469-C8A9-433F-BD30-FAAC344859D7}.Release|Any CPU.ActiveCfg = Release|Any CPU
		{9E8DB469-C8A9-433F-BD30-FAAC344859D7}.Release|Any CPU.Build.0 = Release|Any CPU
		{7C88CB6E-E687-4222-A4E5-3583C10861FF}.Debug|Any CPU.ActiveCfg = Debug|Any CPU
		{7C88CB6E-E687-4222-A4E5-3583C10861FF}.Debug|Any CPU.Build.0 = Debug|Any CPU
		{7C88CB6E-E687-4222-A4E5-3583C10861FF}.Release|Any CPU.ActiveCfg = Release|Any CPU
		{7C88CB6E-E687-4222-A4E5-3583C10861FF}.Release|Any CPU.Build.0 = Release|Any CPU
		{97C7884A-9ED7-48D1-A5E5-0CC6A2D98AB9}.Debug|Any CPU.ActiveCfg = Debug|Any CPU
		{97C7884A-9ED7-48D1-A5E5-0CC6A2D98AB9}.Debug|Any CPU.Build.0 = Debug|Any CPU
		{97C7884A-9ED7-48D1-A5E5-0CC6A2D98AB9}.Release|Any CPU.ActiveCfg = Release|Any CPU
		{97C7884A-9ED7-48D1-A5E5-0CC6A2D98AB9}.Release|Any CPU.Build.0 = Release|Any CPU
	EndGlobalSection
	GlobalSection(SolutionProperties) = preSolution
		HideSolutionNode = FALSE
	EndGlobalSection
EndGlobal
